
Microsoft Visual Studio Solution File, Format Version 12.00
# Visual Studio Version 16
VisualStudioVersion = 16.0.29418.71
MinimumVisualStudioVersion = 10.0.40219.1
Project("{FAE04EC0-301F-11D3-BF4B-00C04F79EFBC}") = "Savvato.Utils", "Savvato.Utils\Savvato.Utils.csproj", "{D58EE4C1-79A4-44B0-A715-B24CF836EF35}"
EndProject
Project("{FAE04EC0-301F-11D3-BF4B-00C04F79EFBC}") = "Savvato.Utils.Tests", "Savvato.Utils.Tests\Savvato.Utils.Tests.csproj", "{A2BE47C2-F96A-4570-BD0E-E15C3017D8F4}"
EndProject
Global
	GlobalSection(SolutionConfigurationPlatforms) = preSolution
		Debug|Any CPU = Debug|Any CPU
		Release|Any CPU = Release|Any CPU
	EndGlobalSection
	GlobalSection(ProjectConfigurationPlatforms) = postSolution
		{D58EE4C1-79A4-44B0-A715-B24CF836EF35}.Debug|Any CPU.ActiveCfg = Debug|Any CPU
		{D58EE4C1-79A4-44B0-A715-B24CF836EF35}.Debug|Any CPU.Build.0 = Debug|Any CPU
		{D58EE4C1-79A4-44B0-A715-B24CF836EF35}.Release|Any CPU.ActiveCfg = Release|Any CPU
		{D58EE4C1-79A4-44B0-A715-B24CF836EF35}.Release|Any CPU.Build.0 = Release|Any CPU
		{A2BE47C2-F96A-4570-BD0E-E15C3017D8F4}.Debug|Any CPU.ActiveCfg = Debug|Any CPU
		{A2BE47C2-F96A-4570-BD0E-E15C3017D8F4}.Debug|Any CPU.Build.0 = Debug|Any CPU
		{A2BE47C2-F96A-4570-BD0E-E15C3017D8F4}.Release|Any CPU.ActiveCfg = Release|Any CPU
		{A2BE47C2-F96A-4570-BD0E-E15C3017D8F4}.Release|Any CPU.Build.0 = Release|Any CPU
	EndGlobalSection
	GlobalSection(SolutionProperties) = preSolution
		HideSolutionNode = FALSE
	EndGlobalSection
	GlobalSection(ExtensibilityGlobals) = postSolution
		SolutionGuid = {BD55F264-DC8A-42A8-8819-C1EF4D684618}
	EndGlobalSection
EndGlobal
